
Microsoft Visual Studio Solution File, Format Version 12.00
# Visual Studio Version 17
VisualStudioVersion = 17.8.34316.72
MinimumVisualStudioVersion = 10.0.40219.1
Project("{FAE04EC0-301F-11D3-BF4B-00C04F79EFBC}") = "lab08", "lab08.csproj", "{1886C03D-B508-4EE2-B84F-E839C5011B78}"
EndProject
Global
	GlobalSection(SolutionConfigurationPlatforms) = preSolution
		Debug|Any CPU = Debug|Any CPU
		Release|Any CPU = Release|Any CPU
	EndGlobalSection
	GlobalSection(ProjectConfigurationPlatforms) = postSolution
		{1886C03D-B508-4EE2-B84F-E839C5011B78}.Debug|Any CPU.ActiveCfg = Debug|Any CPU
		{1886C03D-B508-4EE2-B84F-E839C5011B78}.Debug|Any CPU.Build.0 = Debug|Any CPU
		{1886C03D-B508-4EE2-B84F-E839C5011B78}.Release|Any CPU.ActiveCfg = Release|Any CPU
		{1886C03D-B508-4EE2-B84F-E839C5011B78}.Release|Any CPU.Build.0 = Release|Any CPU
	EndGlobalSection
	GlobalSection(SolutionProperties) = preSolution
		HideSolutionNode = FALSE
	EndGlobalSection
	GlobalSection(ExtensibilityGlobals) = postSolution
		SolutionGuid = {4F9F61B1-DB8D-496F-A8F9-50B8E9E8BAA3}
	EndGlobalSection
EndGlobal
