
Microsoft Visual Studio Solution File, Format Version 12.00
# Visual Studio Version 17
VisualStudioVersion = 17.8.34525.116
MinimumVisualStudioVersion = 10.0.40219.1
Project("{FAE04EC0-301F-11D3-BF4B-00C04F79EFBC}") = "ASPA004_1", "ASPA004_1\ASPA004_1.csproj", "{81F37807-B9AB-4FBD-A27C-1F6C345143D9}"
EndProject
Project("{9A19103F-16F7-4668-BE54-9A1E7A4F7556}") = "DAL004", "DAL004\DAL004.csproj", "{F913DA7E-E308-44E2-A6DD-BD3A408E029F}"
EndProject
Project("{9A19103F-16F7-4668-BE54-9A1E7A4F7556}") = "TEST_DAL004", "TEST_DAL004\TEST_DAL004.csproj", "{ACFBF8CE-2857-47D4-8B9E-2B115EB31249}"
EndProject
Project("{FAE04EC0-301F-11D3-BF4B-00C04F79EFBC}") = "ASPA004_2", "ASPA004_2\ASPA004_2.csproj", "{AA640039-9E55-78AB-7F72-76F1EACBA65D}"
EndProject
Project("{FAE04EC0-301F-11D3-BF4B-00C04F79EFBC}") = "ASPA004_3", "ASPA004_3\ASPA004_3.csproj", "{F03D4521-5D2B-FF69-DBD0-43642CF6E641}"
EndProject
Global
	GlobalSection(SolutionConfigurationPlatforms) = preSolution
		Debug|Any CPU = Debug|Any CPU
		Release|Any CPU = Release|Any CPU
	EndGlobalSection
	GlobalSection(ProjectConfigurationPlatforms) = postSolution
		{81F37807-B9AB-4FBD-A27C-1F6C345143D9}.Debug|Any CPU.ActiveCfg = Debug|Any CPU
		{81F37807-B9AB-4FBD-A27C-1F6C345143D9}.Debug|Any CPU.Build.0 = Debug|Any CPU
		{81F37807-B9AB-4FBD-A27C-1F6C345143D9}.Release|Any CPU.ActiveCfg = Release|Any CPU
		{81F37807-B9AB-4FBD-A27C-1F6C345143D9}.Release|Any CPU.Build.0 = Release|Any CPU
		{F913DA7E-E308-44E2-A6DD-BD3A408E029F}.Debug|Any CPU.ActiveCfg = Debug|Any CPU
		{F913DA7E-E308-44E2-A6DD-BD3A408E029F}.Debug|Any CPU.Build.0 = Debug|Any CPU
		{F913DA7E-E308-44E2-A6DD-BD3A408E029F}.Release|Any CPU.ActiveCfg = Release|Any CPU
		{F913DA7E-E308-44E2-A6DD-BD3A408E029F}.Release|Any CPU.Build.0 = Release|Any CPU
		{ACFBF8CE-2857-47D4-8B9E-2B115EB31249}.Debug|Any CPU.ActiveCfg = Debug|Any CPU
		{ACFBF8CE-2857-47D4-8B9E-2B115EB31249}.Debug|Any CPU.Build.0 = Debug|Any CPU
		{ACFBF8CE-2857-47D4-8B9E-2B115EB31249}.Release|Any CPU.ActiveCfg = Release|Any CPU
		{ACFBF8CE-2857-47D4-8B9E-2B115EB31249}.Release|Any CPU.Build.0 = Release|Any CPU
		{AA640039-9E55-78AB-7F72-76F1EACBA65D}.Debug|Any CPU.ActiveCfg = Debug|Any CPU
		{AA640039-9E55-78AB-7F72-76F1EACBA65D}.Debug|Any CPU.Build.0 = Debug|Any CPU
		{AA640039-9E55-78AB-7F72-76F1EACBA65D}.Release|Any CPU.ActiveCfg = Release|Any CPU
		{AA640039-9E55-78AB-7F72-76F1EACBA65D}.Release|Any CPU.Build.0 = Release|Any CPU
		{F03D4521-5D2B-FF69-DBD0-43642CF6E641}.Debug|Any CPU.ActiveCfg = Debug|Any CPU
		{F03D4521-5D2B-FF69-DBD0-43642CF6E641}.Debug|Any CPU.Build.0 = Debug|Any CPU
		{F03D4521-5D2B-FF69-DBD0-43642CF6E641}.Release|Any CPU.ActiveCfg = Release|Any CPU
		{F03D4521-5D2B-FF69-DBD0-43642CF6E641}.Release|Any CPU.Build.0 = Release|Any CPU
	EndGlobalSection
	GlobalSection(SolutionProperties) = preSolution
		HideSolutionNode = FALSE
	EndGlobalSection
	GlobalSection(ExtensibilityGlobals) = postSolution
		SolutionGuid = {90390395-F3D3-4DF3-A0AB-5BA7FBB068B2}
	EndGlobalSection
EndGlobal
