
Microsoft Visual Studio Solution File, Format Version 12.00
# Visual Studio Version 17
VisualStudioVersion = 17.8.34316.72
MinimumVisualStudioVersion = 10.0.40219.1
Project("{FAE04EC0-301F-11D3-BF4B-00C04F79EFBC}") = "colloquim-skip", "colloquim-skip.csproj", "{682D2602-7997-4C9D-B075-8554AD3972FE}"
EndProject
Global
	GlobalSection(SolutionConfigurationPlatforms) = preSolution
		Debug|Any CPU = Debug|Any CPU
		Release|Any CPU = Release|Any CPU
	EndGlobalSection
	GlobalSection(ProjectConfigurationPlatforms) = postSolution
		{682D2602-7997-4C9D-B075-8554AD3972FE}.Debug|Any CPU.ActiveCfg = Debug|Any CPU
		{682D2602-7997-4C9D-B075-8554AD3972FE}.Debug|Any CPU.Build.0 = Debug|Any CPU
		{682D2602-7997-4C9D-B075-8554AD3972FE}.Release|Any CPU.ActiveCfg = Release|Any CPU
		{682D2602-7997-4C9D-B075-8554AD3972FE}.Release|Any CPU.Build.0 = Release|Any CPU
	EndGlobalSection
	GlobalSection(SolutionProperties) = preSolution
		HideSolutionNode = FALSE
	EndGlobalSection
	GlobalSection(ExtensibilityGlobals) = postSolution
		SolutionGuid = {0E83AFA7-2ADF-4516-AF37-6D77A0BD40F7}
	EndGlobalSection
EndGlobal
