
Microsoft Visual Studio Solution File, Format Version 12.00
# Visual Studio Version 17
VisualStudioVersion = 17.8.34525.116
MinimumVisualStudioVersion = 10.0.40219.1
Project("{9A19103F-16F7-4668-BE54-9A1E7A4F7556}") = "Test_DAL003", "Test_DAL003\Test_DAL003.csproj", "{7EBCDA22-C947-4BB8-991A-1A85468AEA7B}"
EndProject
Project("{9A19103F-16F7-4668-BE54-9A1E7A4F7556}") = "Dall003", "Dall003\Dall003.csproj", "{8D810685-0B69-4A1C-A5EE-1EEA78486569}"
EndProject
Project("{FAE04EC0-301F-11D3-BF4B-00C04F79EFBC}") = "ASPA003", "ASPA003\ASPA003.csproj", "{3EAE5DEF-5C7F-4BF8-9CF2-2662958CE919}"
EndProject
Global
	GlobalSection(SolutionConfigurationPlatforms) = preSolution
		Debug|Any CPU = Debug|Any CPU
		Release|Any CPU = Release|Any CPU
	EndGlobalSection
	GlobalSection(ProjectConfigurationPlatforms) = postSolution
		{7EBCDA22-C947-4BB8-991A-1A85468AEA7B}.Debug|Any CPU.ActiveCfg = Debug|Any CPU
		{7EBCDA22-C947-4BB8-991A-1A85468AEA7B}.Debug|Any CPU.Build.0 = Debug|Any CPU
		{7EBCDA22-C947-4BB8-991A-1A85468AEA7B}.Release|Any CPU.ActiveCfg = Release|Any CPU
		{7EBCDA22-C947-4BB8-991A-1A85468AEA7B}.Release|Any CPU.Build.0 = Release|Any CPU
		{8D810685-0B69-4A1C-A5EE-1EEA78486569}.Debug|Any CPU.ActiveCfg = Debug|Any CPU
		{8D810685-0B69-4A1C-A5EE-1EEA78486569}.Debug|Any CPU.Build.0 = Debug|Any CPU
		{8D810685-0B69-4A1C-A5EE-1EEA78486569}.Release|Any CPU.ActiveCfg = Release|Any CPU
		{8D810685-0B69-4A1C-A5EE-1EEA78486569}.Release|Any CPU.Build.0 = Release|Any CPU
		{3EAE5DEF-5C7F-4BF8-9CF2-2662958CE919}.Debug|Any CPU.ActiveCfg = Debug|Any CPU
		{3EAE5DEF-5C7F-4BF8-9CF2-2662958CE919}.Debug|Any CPU.Build.0 = Debug|Any CPU
		{3EAE5DEF-5C7F-4BF8-9CF2-2662958CE919}.Release|Any CPU.ActiveCfg = Release|Any CPU
		{3EAE5DEF-5C7F-4BF8-9CF2-2662958CE919}.Release|Any CPU.Build.0 = Release|Any CPU
	EndGlobalSection
	GlobalSection(SolutionProperties) = preSolution
		HideSolutionNode = FALSE
	EndGlobalSection
	GlobalSection(ExtensibilityGlobals) = postSolution
		SolutionGuid = {8A5E1317-2152-4939-AF1D-A4F66E261E43}
	EndGlobalSection
EndGlobal
