
Microsoft Visual Studio Solution File, Format Version 12.00
# Visual Studio Version 17
VisualStudioVersion = 17.12.35521.163 d17.12
MinimumVisualStudioVersion = 10.0.40219.1
Project("{FAE04EC0-301F-11D3-BF4B-00C04F79EFBC}") = "Lab6Lib", "Lab6Lib\Lab6Lib.csproj", "{2530DA7A-D0B9-4E56-8241-D0472D92D660}"
EndProject
Project("{FAE04EC0-301F-11D3-BF4B-00C04F79EFBC}") = "lab6", "lab6\lab6.csproj", "{C6071C73-4B8C-407C-82F3-0B83F3B8CBC6}"
	ProjectSection(ProjectDependencies) = postProject
		{2530DA7A-D0B9-4E56-8241-D0472D92D660} = {2530DA7A-D0B9-4E56-8241-D0472D92D660}
	EndProjectSection
EndProject
Global
	GlobalSection(SolutionConfigurationPlatforms) = preSolution
		Debug|Any CPU = Debug|Any CPU
		Release|Any CPU = Release|Any CPU
	EndGlobalSection
	GlobalSection(ProjectConfigurationPlatforms) = postSolution
		{2530DA7A-D0B9-4E56-8241-D0472D92D660}.Debug|Any CPU.ActiveCfg = Debug|Any CPU
		{2530DA7A-D0B9-4E56-8241-D0472D92D660}.Debug|Any CPU.Build.0 = Debug|Any CPU
		{2530DA7A-D0B9-4E56-8241-D0472D92D660}.Release|Any CPU.ActiveCfg = Release|Any CPU
		{2530DA7A-D0B9-4E56-8241-D0472D92D660}.Release|Any CPU.Build.0 = Release|Any CPU
		{C6071C73-4B8C-407C-82F3-0B83F3B8CBC6}.Debug|Any CPU.ActiveCfg = Debug|Any CPU
		{C6071C73-4B8C-407C-82F3-0B83F3B8CBC6}.Debug|Any CPU.Build.0 = Debug|Any CPU
		{C6071C73-4B8C-407C-82F3-0B83F3B8CBC6}.Release|Any CPU.ActiveCfg = Release|Any CPU
		{C6071C73-4B8C-407C-82F3-0B83F3B8CBC6}.Release|Any CPU.Build.0 = Release|Any CPU
	EndGlobalSection
	GlobalSection(SolutionProperties) = preSolution
		HideSolutionNode = FALSE
	EndGlobalSection
EndGlobal
