
Microsoft Visual Studio Solution File, Format Version 12.00
# Visual Studio Version 17
VisualStudioVersion = 17.14.36127.28 d17.14
MinimumVisualStudioVersion = 10.0.40219.1
Project("{FAE04EC0-301F-11D3-BF4B-00C04F79EFBC}") = "lab02", "lab02.csproj", "{4F5EEB65-328B-40C6-85FD-D8EA6310F4D4}"
EndProject
Global
	GlobalSection(SolutionConfigurationPlatforms) = preSolution
		Debug|Any CPU = Debug|Any CPU
		Release|Any CPU = Release|Any CPU
	EndGlobalSection
	GlobalSection(ProjectConfigurationPlatforms) = postSolution
		{4F5EEB65-328B-40C6-85FD-D8EA6310F4D4}.Debug|Any CPU.ActiveCfg = Debug|Any CPU
		{4F5EEB65-328B-40C6-85FD-D8EA6310F4D4}.Debug|Any CPU.Build.0 = Debug|Any CPU
		{4F5EEB65-328B-40C6-85FD-D8EA6310F4D4}.Release|Any CPU.ActiveCfg = Release|Any CPU
		{4F5EEB65-328B-40C6-85FD-D8EA6310F4D4}.Release|Any CPU.Build.0 = Release|Any CPU
	EndGlobalSection
	GlobalSection(SolutionProperties) = preSolution
		HideSolutionNode = FALSE
	EndGlobalSection
	GlobalSection(ExtensibilityGlobals) = postSolution
		SolutionGuid = {1374BE1C-5755-4DBA-BB7F-2A7F7A410ACC}
	EndGlobalSection
EndGlobal
