
Microsoft Visual Studio Solution File, Format Version 12.00
# Visual Studio 15
Project("{FAE04EC0-301F-11D3-BF4B-00C04F79EFBC}") = "Assembly-CSharp-Editor", "Assembly-CSharp-Editor.csproj", "{687FAD13-423A-411F-F089-141858C3850A}"
EndProject
Project("{FAE04EC0-301F-11D3-BF4B-00C04F79EFBC}") = "Assembly-CSharp", "Assembly-CSharp.csproj", "{D4A409B8-594A-72D1-73C8-7F1977474F20}"
EndProject
Global
	GlobalSection(SolutionConfigurationPlatforms) = preSolution
		Debug|Any CPU = Debug|Any CPU
		Release|Any CPU = Release|Any CPU
	EndGlobalSection
	GlobalSection(ProjectConfigurationPlatforms) = postSolution
		{687FAD13-423A-411F-F089-141858C3850A}.Debug|Any CPU.ActiveCfg = Debug|Any CPU
		{687FAD13-423A-411F-F089-141858C3850A}.Debug|Any CPU.Build.0 = Debug|Any CPU
		{687FAD13-423A-411F-F089-141858C3850A}.Release|Any CPU.ActiveCfg = Release|Any CPU
		{687FAD13-423A-411F-F089-141858C3850A}.Release|Any CPU.Build.0 = Release|Any CPU
		{D4A409B8-594A-72D1-73C8-7F1977474F20}.Debug|Any CPU.ActiveCfg = Debug|Any CPU
		{D4A409B8-594A-72D1-73C8-7F1977474F20}.Debug|Any CPU.Build.0 = Debug|Any CPU
		{D4A409B8-594A-72D1-73C8-7F1977474F20}.Release|Any CPU.ActiveCfg = Release|Any CPU
		{D4A409B8-594A-72D1-73C8-7F1977474F20}.Release|Any CPU.Build.0 = Release|Any CPU
	EndGlobalSection
	GlobalSection(SolutionProperties) = preSolution
		HideSolutionNode = FALSE
	EndGlobalSection
EndGlobal
