
Microsoft Visual Studio Solution File, Format Version 12.00
# Visual Studio Version 17
VisualStudioVersion = 17.8.34316.72
MinimumVisualStudioVersion = 10.0.40219.1
Project("{FAE04EC0-301F-11D3-BF4B-00C04F79EFBC}") = "lab13", "lab13.csproj", "{D1995B20-7173-4E46-AE6E-7CF479735EB6}"
EndProject
Global
	GlobalSection(SolutionConfigurationPlatforms) = preSolution
		Debug|Any CPU = Debug|Any CPU
		Release|Any CPU = Release|Any CPU
	EndGlobalSection
	GlobalSection(ProjectConfigurationPlatforms) = postSolution
		{D1995B20-7173-4E46-AE6E-7CF479735EB6}.Debug|Any CPU.ActiveCfg = Debug|Any CPU
		{D1995B20-7173-4E46-AE6E-7CF479735EB6}.Debug|Any CPU.Build.0 = Debug|Any CPU
		{D1995B20-7173-4E46-AE6E-7CF479735EB6}.Release|Any CPU.ActiveCfg = Release|Any CPU
		{D1995B20-7173-4E46-AE6E-7CF479735EB6}.Release|Any CPU.Build.0 = Release|Any CPU
	EndGlobalSection
	GlobalSection(SolutionProperties) = preSolution
		HideSolutionNode = FALSE
	EndGlobalSection
	GlobalSection(ExtensibilityGlobals) = postSolution
		SolutionGuid = {01873DD6-3B69-48B5-8ADF-400AEFF93BE9}
	EndGlobalSection
EndGlobal
