
Microsoft Visual Studio Solution File, Format Version 12.00
# Visual Studio Version 17
VisualStudioVersion = 17.8.34316.72
MinimumVisualStudioVersion = 10.0.40219.1
Project("{FAE04EC0-301F-11D3-BF4B-00C04F79EFBC}") = "lab15", "lab15.csproj", "{83BEAE07-87D5-4AF0-AE00-62144DE1A4CB}"
EndProject
Global
	GlobalSection(SolutionConfigurationPlatforms) = preSolution
		Debug|Any CPU = Debug|Any CPU
		Release|Any CPU = Release|Any CPU
	EndGlobalSection
	GlobalSection(ProjectConfigurationPlatforms) = postSolution
		{83BEAE07-87D5-4AF0-AE00-62144DE1A4CB}.Debug|Any CPU.ActiveCfg = Debug|Any CPU
		{83BEAE07-87D5-4AF0-AE00-62144DE1A4CB}.Debug|Any CPU.Build.0 = Debug|Any CPU
		{83BEAE07-87D5-4AF0-AE00-62144DE1A4CB}.Release|Any CPU.ActiveCfg = Release|Any CPU
		{83BEAE07-87D5-4AF0-AE00-62144DE1A4CB}.Release|Any CPU.Build.0 = Release|Any CPU
	EndGlobalSection
	GlobalSection(SolutionProperties) = preSolution
		HideSolutionNode = FALSE
	EndGlobalSection
	GlobalSection(ExtensibilityGlobals) = postSolution
		SolutionGuid = {E52C9E2F-338B-4D5B-BE4E-32159386EDB9}
	EndGlobalSection
EndGlobal
