
Microsoft Visual Studio Solution File, Format Version 12.00
# Visual Studio Version 17
VisualStudioVersion = 17.8.34316.72
MinimumVisualStudioVersion = 10.0.40219.1
Project("{9A19103F-16F7-4668-BE54-9A1E7A4F7556}") = "DAL", "DAL.csproj", "{D0EF45DB-F558-4305-84EF-7FB9FC42FBA3}"
EndProject
Project("{9A19103F-16F7-4668-BE54-9A1E7A4F7556}") = "Test_DAL", "..\Test_lab01\Test_DAL.csproj", "{D1E9EA7B-FF95-4773-BCB6-043C36EE73C8}"
EndProject
Project("{9A19103F-16F7-4668-BE54-9A1E7A4F7556}") = "DALJSON", "..\DAL12_JSON\DALJSON.csproj", "{FE471EE7-4555-49EA-B13D-C77D69A60A8C}"
EndProject
Project("{9A19103F-16F7-4668-BE54-9A1E7A4F7556}") = "Test_DALJSON", "..\Test_DAL12_JSON\Test_DALJSON.csproj", "{F682580A-ED35-41C6-86AB-3B0186C050D3}"
EndProject
Project("{9A19103F-16F7-4668-BE54-9A1E7A4F7556}") = "Test_XX", "..\Test_XX\Test_XX.csproj", "{251871D2-F092-4403-97BD-C3860FE0C748}"
	ProjectSection(ProjectDependencies) = postProject
		{D0EF45DB-F558-4305-84EF-7FB9FC42FBA3} = {D0EF45DB-F558-4305-84EF-7FB9FC42FBA3}
		{D1E9EA7B-FF95-4773-BCB6-043C36EE73C8} = {D1E9EA7B-FF95-4773-BCB6-043C36EE73C8}
		{F682580A-ED35-41C6-86AB-3B0186C050D3} = {F682580A-ED35-41C6-86AB-3B0186C050D3}
		{FE471EE7-4555-49EA-B13D-C77D69A60A8C} = {FE471EE7-4555-49EA-B13D-C77D69A60A8C}
	EndProjectSection
EndProject
Project("{9A19103F-16F7-4668-BE54-9A1E7A4F7556}") = "REPO", "..\REPO\REPO.csproj", "{9F32113B-F415-4D2F-A855-62D800D9D7D0}"
EndProject
Project("{9A19103F-16F7-4668-BE54-9A1E7A4F7556}") = "DALMSQLX", "..\DALMSQLX\DALMSQLX.csproj", "{3A8EDB96-0632-413D-A772-8D859BF6CEBE}"
	ProjectSection(ProjectDependencies) = postProject
		{D0EF45DB-F558-4305-84EF-7FB9FC42FBA3} = {D0EF45DB-F558-4305-84EF-7FB9FC42FBA3}
	EndProjectSection
EndProject
Project("{9A19103F-16F7-4668-BE54-9A1E7A4F7556}") = "Test_DALMSQLX", "..\Test_DALMSQLX\Test_DALMSQLX.csproj", "{DBEE6D99-45DA-4781-98CE-74B03F95518F}"
EndProject
Project("{9A19103F-16F7-4668-BE54-9A1E7A4F7556}") = "DALJSONX", "..\DALJSONX\DALJSONX.csproj", "{FE1AF89B-FCEB-418E-91BC-27FD50659787}"
EndProject
Project("{9A19103F-16F7-4668-BE54-9A1E7A4F7556}") = "Test_DALJSONX", "..\Test_DALJSONX\Test_DALJSONX.csproj", "{34F86505-C4EF-4526-984E-EEA8D2A7DAB9}"
EndProject
Project("{9A19103F-16F7-4668-BE54-9A1E7A4F7556}") = "GREPO", "..\GREPO\GREPO.csproj", "{B0DF26AC-0112-43F9-BD52-CFCBD77BFEF9}"
EndProject
Project("{9A19103F-16F7-4668-BE54-9A1E7A4F7556}") = "DALMSQLXG", "..\DALMSQLXG\DALMSQLXG.csproj", "{2EFAE76C-0098-4426-A6A0-123EDBD807BD}"
EndProject
Project("{9A19103F-16F7-4668-BE54-9A1E7A4F7556}") = "DALJSONXG", "..\DALJSONXG\DALJSONXG.csproj", "{92345F46-B645-4586-AF80-A308C9BA4616}"
EndProject
Project("{FAE04EC0-301F-11D3-BF4B-00C04F79EFBC}") = "Test_XXG", "..\Test_Generic\Test_XXG.csproj", "{EB82AC52-ED96-411E-8514-6987DFE279FE}"
EndProject
Global
	GlobalSection(SolutionConfigurationPlatforms) = preSolution
		Debug|Any CPU = Debug|Any CPU
		Release|Any CPU = Release|Any CPU
	EndGlobalSection
	GlobalSection(ProjectConfigurationPlatforms) = postSolution
		{D0EF45DB-F558-4305-84EF-7FB9FC42FBA3}.Debug|Any CPU.ActiveCfg = Debug|Any CPU
		{D0EF45DB-F558-4305-84EF-7FB9FC42FBA3}.Debug|Any CPU.Build.0 = Debug|Any CPU
		{D0EF45DB-F558-4305-84EF-7FB9FC42FBA3}.Release|Any CPU.ActiveCfg = Release|Any CPU
		{D0EF45DB-F558-4305-84EF-7FB9FC42FBA3}.Release|Any CPU.Build.0 = Release|Any CPU
		{D1E9EA7B-FF95-4773-BCB6-043C36EE73C8}.Debug|Any CPU.ActiveCfg = Debug|Any CPU
		{D1E9EA7B-FF95-4773-BCB6-043C36EE73C8}.Debug|Any CPU.Build.0 = Debug|Any CPU
		{D1E9EA7B-FF95-4773-BCB6-043C36EE73C8}.Release|Any CPU.ActiveCfg = Release|Any CPU
		{D1E9EA7B-FF95-4773-BCB6-043C36EE73C8}.Release|Any CPU.Build.0 = Release|Any CPU
		{FE471EE7-4555-49EA-B13D-C77D69A60A8C}.Debug|Any CPU.ActiveCfg = Debug|Any CPU
		{FE471EE7-4555-49EA-B13D-C77D69A60A8C}.Debug|Any CPU.Build.0 = Debug|Any CPU
		{FE471EE7-4555-49EA-B13D-C77D69A60A8C}.Release|Any CPU.ActiveCfg = Release|Any CPU
		{FE471EE7-4555-49EA-B13D-C77D69A60A8C}.Release|Any CPU.Build.0 = Release|Any CPU
		{F682580A-ED35-41C6-86AB-3B0186C050D3}.Debug|Any CPU.ActiveCfg = Debug|Any CPU
		{F682580A-ED35-41C6-86AB-3B0186C050D3}.Debug|Any CPU.Build.0 = Debug|Any CPU
		{F682580A-ED35-41C6-86AB-3B0186C050D3}.Release|Any CPU.ActiveCfg = Release|Any CPU
		{F682580A-ED35-41C6-86AB-3B0186C050D3}.Release|Any CPU.Build.0 = Release|Any CPU
		{251871D2-F092-4403-97BD-C3860FE0C748}.Debug|Any CPU.ActiveCfg = Debug|Any CPU
		{251871D2-F092-4403-97BD-C3860FE0C748}.Debug|Any CPU.Build.0 = Debug|Any CPU
		{251871D2-F092-4403-97BD-C3860FE0C748}.Release|Any CPU.ActiveCfg = Release|Any CPU
		{251871D2-F092-4403-97BD-C3860FE0C748}.Release|Any CPU.Build.0 = Release|Any CPU
		{9F32113B-F415-4D2F-A855-62D800D9D7D0}.Debug|Any CPU.ActiveCfg = Debug|Any CPU
		{9F32113B-F415-4D2F-A855-62D800D9D7D0}.Debug|Any CPU.Build.0 = Debug|Any CPU
		{9F32113B-F415-4D2F-A855-62D800D9D7D0}.Release|Any CPU.ActiveCfg = Release|Any CPU
		{9F32113B-F415-4D2F-A855-62D800D9D7D0}.Release|Any CPU.Build.0 = Release|Any CPU
		{3A8EDB96-0632-413D-A772-8D859BF6CEBE}.Debug|Any CPU.ActiveCfg = Debug|Any CPU
		{3A8EDB96-0632-413D-A772-8D859BF6CEBE}.Debug|Any CPU.Build.0 = Debug|Any CPU
		{3A8EDB96-0632-413D-A772-8D859BF6CEBE}.Release|Any CPU.ActiveCfg = Release|Any CPU
		{3A8EDB96-0632-413D-A772-8D859BF6CEBE}.Release|Any CPU.Build.0 = Release|Any CPU
		{DBEE6D99-45DA-4781-98CE-74B03F95518F}.Debug|Any CPU.ActiveCfg = Debug|Any CPU
		{DBEE6D99-45DA-4781-98CE-74B03F95518F}.Debug|Any CPU.Build.0 = Debug|Any CPU
		{DBEE6D99-45DA-4781-98CE-74B03F95518F}.Release|Any CPU.ActiveCfg = Release|Any CPU
		{DBEE6D99-45DA-4781-98CE-74B03F95518F}.Release|Any CPU.Build.0 = Release|Any CPU
		{FE1AF89B-FCEB-418E-91BC-27FD50659787}.Debug|Any CPU.ActiveCfg = Debug|Any CPU
		{FE1AF89B-FCEB-418E-91BC-27FD50659787}.Debug|Any CPU.Build.0 = Debug|Any CPU
		{FE1AF89B-FCEB-418E-91BC-27FD50659787}.Release|Any CPU.ActiveCfg = Release|Any CPU
		{FE1AF89B-FCEB-418E-91BC-27FD50659787}.Release|Any CPU.Build.0 = Release|Any CPU
		{34F86505-C4EF-4526-984E-EEA8D2A7DAB9}.Debug|Any CPU.ActiveCfg = Debug|Any CPU
		{34F86505-C4EF-4526-984E-EEA8D2A7DAB9}.Debug|Any CPU.Build.0 = Debug|Any CPU
		{34F86505-C4EF-4526-984E-EEA8D2A7DAB9}.Release|Any CPU.ActiveCfg = Release|Any CPU
		{34F86505-C4EF-4526-984E-EEA8D2A7DAB9}.Release|Any CPU.Build.0 = Release|Any CPU
		{B0DF26AC-0112-43F9-BD52-CFCBD77BFEF9}.Debug|Any CPU.ActiveCfg = Debug|Any CPU
		{B0DF26AC-0112-43F9-BD52-CFCBD77BFEF9}.Debug|Any CPU.Build.0 = Debug|Any CPU
		{B0DF26AC-0112-43F9-BD52-CFCBD77BFEF9}.Release|Any CPU.ActiveCfg = Release|Any CPU
		{B0DF26AC-0112-43F9-BD52-CFCBD77BFEF9}.Release|Any CPU.Build.0 = Release|Any CPU
		{2EFAE76C-0098-4426-A6A0-123EDBD807BD}.Debug|Any CPU.ActiveCfg = Debug|Any CPU
		{2EFAE76C-0098-4426-A6A0-123EDBD807BD}.Debug|Any CPU.Build.0 = Debug|Any CPU
		{2EFAE76C-0098-4426-A6A0-123EDBD807BD}.Release|Any CPU.ActiveCfg = Release|Any CPU
		{2EFAE76C-0098-4426-A6A0-123EDBD807BD}.Release|Any CPU.Build.0 = Release|Any CPU
		{92345F46-B645-4586-AF80-A308C9BA4616}.Debug|Any CPU.ActiveCfg = Debug|Any CPU
		{92345F46-B645-4586-AF80-A308C9BA4616}.Debug|Any CPU.Build.0 = Debug|Any CPU
		{92345F46-B645-4586-AF80-A308C9BA4616}.Release|Any CPU.ActiveCfg = Release|Any CPU
		{92345F46-B645-4586-AF80-A308C9BA4616}.Release|Any CPU.Build.0 = Release|Any CPU
		{EB82AC52-ED96-411E-8514-6987DFE279FE}.Debug|Any CPU.ActiveCfg = Debug|Any CPU
		{EB82AC52-ED96-411E-8514-6987DFE279FE}.Debug|Any CPU.Build.0 = Debug|Any CPU
		{EB82AC52-ED96-411E-8514-6987DFE279FE}.Release|Any CPU.ActiveCfg = Release|Any CPU
		{EB82AC52-ED96-411E-8514-6987DFE279FE}.Release|Any CPU.Build.0 = Release|Any CPU
	EndGlobalSection
	GlobalSection(SolutionProperties) = preSolution
		HideSolutionNode = FALSE
	EndGlobalSection
	GlobalSection(ExtensibilityGlobals) = postSolution
		SolutionGuid = {B3235F56-EACF-407E-A0D7-3AEC3BA9ABC0}
	EndGlobalSection
EndGlobal
