
Microsoft Visual Studio Solution File, Format Version 12.00
# Visual Studio Version 17
VisualStudioVersion = 17.12.35707.178
MinimumVisualStudioVersion = 10.0.40219.1
Project("{FAE04EC0-301F-11D3-BF4B-00C04F79EFBC}") = "Lab7", "Lab7\Lab7.csproj", "{C98A6E1E-CC86-4662-82EC-24940E0FAACE}"
EndProject
Project("{FAE04EC0-301F-11D3-BF4B-00C04F79EFBC}") = "DAL_Celebrity", "DAL_Celebrity\DAL_Celebrity.csproj", "{353F70AD-2247-4638-934A-01EF8F021584}"
EndProject
Project("{FAE04EC0-301F-11D3-BF4B-00C04F79EFBC}") = "DAL_Celebrity_MSSQL", "DAL_Celebrity_MSSQL\DAL_Celebrity_MSSQL.csproj", "{39133C7F-4445-4549-8EBF-7069A4FE5417}"
EndProject
Global
	GlobalSection(SolutionConfigurationPlatforms) = preSolution
		Debug|Any CPU = Debug|Any CPU
		Release|Any CPU = Release|Any CPU
	EndGlobalSection
	GlobalSection(ProjectConfigurationPlatforms) = postSolution
		{C98A6E1E-CC86-4662-82EC-24940E0FAACE}.Debug|Any CPU.ActiveCfg = Debug|Any CPU
		{C98A6E1E-CC86-4662-82EC-24940E0FAACE}.Debug|Any CPU.Build.0 = Debug|Any CPU
		{C98A6E1E-CC86-4662-82EC-24940E0FAACE}.Release|Any CPU.ActiveCfg = Release|Any CPU
		{C98A6E1E-CC86-4662-82EC-24940E0FAACE}.Release|Any CPU.Build.0 = Release|Any CPU
		{353F70AD-2247-4638-934A-01EF8F021584}.Debug|Any CPU.ActiveCfg = Debug|Any CPU
		{353F70AD-2247-4638-934A-01EF8F021584}.Debug|Any CPU.Build.0 = Debug|Any CPU
		{353F70AD-2247-4638-934A-01EF8F021584}.Release|Any CPU.ActiveCfg = Release|Any CPU
		{353F70AD-2247-4638-934A-01EF8F021584}.Release|Any CPU.Build.0 = Release|Any CPU
		{39133C7F-4445-4549-8EBF-7069A4FE5417}.Debug|Any CPU.ActiveCfg = Debug|Any CPU
		{39133C7F-4445-4549-8EBF-7069A4FE5417}.Debug|Any CPU.Build.0 = Debug|Any CPU
		{39133C7F-4445-4549-8EBF-7069A4FE5417}.Release|Any CPU.ActiveCfg = Release|Any CPU
		{39133C7F-4445-4549-8EBF-7069A4FE5417}.Release|Any CPU.Build.0 = Release|Any CPU
	EndGlobalSection
	GlobalSection(SolutionProperties) = preSolution
		HideSolutionNode = FALSE
	EndGlobalSection
EndGlobal
