
Microsoft Visual Studio Solution File, Format Version 12.00
# Visual Studio Version 17
VisualStudioVersion = 17.8.34316.72
MinimumVisualStudioVersion = 10.0.40219.1
Project("{FAE04EC0-301F-11D3-BF4B-00C04F79EFBC}") = "lab11", "lab11.csproj", "{62D70474-C999-4DFD-BBD8-01873282AEB3}"
EndProject
Global
	GlobalSection(SolutionConfigurationPlatforms) = preSolution
		Debug|Any CPU = Debug|Any CPU
		Release|Any CPU = Release|Any CPU
	EndGlobalSection
	GlobalSection(ProjectConfigurationPlatforms) = postSolution
		{62D70474-C999-4DFD-BBD8-01873282AEB3}.Debug|Any CPU.ActiveCfg = Debug|Any CPU
		{62D70474-C999-4DFD-BBD8-01873282AEB3}.Debug|Any CPU.Build.0 = Debug|Any CPU
		{62D70474-C999-4DFD-BBD8-01873282AEB3}.Release|Any CPU.ActiveCfg = Release|Any CPU
		{62D70474-C999-4DFD-BBD8-01873282AEB3}.Release|Any CPU.Build.0 = Release|Any CPU
	EndGlobalSection
	GlobalSection(SolutionProperties) = preSolution
		HideSolutionNode = FALSE
	EndGlobalSection
	GlobalSection(ExtensibilityGlobals) = postSolution
		SolutionGuid = {22FDB80D-1AC8-497B-A502-FF5818500B58}
	EndGlobalSection
EndGlobal
